// !$*UTF8*$!
{
	archiveVersion = 1;
	classes = {
	};
	objectVersion = 56;
	objects = {

/* Begin PBXBuildFile section */
		D077940A2B309607006986E2 /* ExampleDatabase.xcdatamodeld in Sources */ = {isa = PBXBuildFile; fileRef = D07794082B309607006986E2 /* ExampleDatabase.xcdatamodeld */; };
		D077940C2B309630006986E2 /* Persistence.swift in Sources */ = {isa = PBXBuildFile; fileRef = D077940B2B309630006986E2 /* Persistence.swift */; };
		D08A51512B2F3C3300CD31CF /* FetchedObjects.swift in Sources */ = {isa = PBXBuildFile; fileRef = D08A51502B2F3C3300CD31CF /* FetchedObjects.swift */; };
		D08A51552B2F3C8D00CD31CF /* MenuList.swift in Sources */ = {isa = PBXBuildFile; fileRef = D08A51542B2F3C8D00CD31CF /* MenuList.swift */; };
		D08A51572B2F3C9B00CD31CF /* MenuItem.swift in Sources */ = {isa = PBXBuildFile; fileRef = D08A51562B2F3C9B00CD31CF /* MenuItem.swift */; };
		D0AA264A2B2F1DDC00A277DE /* Little_LemonApp.swift in Sources */ = {isa = PBXBuildFile; fileRef = D0AA26492B2F1DDC00A277DE /* Little_LemonApp.swift */; };
		D0AA264C2B2F1DDC00A277DE /* ContentView.swift in Sources */ = {isa = PBXBuildFile; fileRef = D0AA264B2B2F1DDC00A277DE /* ContentView.swift */; };
		D0AA264E2B2F1DDE00A277DE /* Assets.xcassets in Resources */ = {isa = PBXBuildFile; fileRef = D0AA264D2B2F1DDE00A277DE /* Assets.xcassets */; };
		D0AA26512B2F1DDE00A277DE /* Preview Assets.xcassets in Resources */ = {isa = PBXBuildFile; fileRef = D0AA26502B2F1DDE00A277DE /* Preview Assets.xcassets */; };
		D0AA265D2B2F252800A277DE /* Onboarding.swift in Sources */ = {isa = PBXBuildFile; fileRef = D0AA265C2B2F252800A277DE /* Onboarding.swift */; };
		D0AA265F2B2F2A9F00A277DE /* Home.swift in Sources */ = {isa = PBXBuildFile; fileRef = D0AA265E2B2F2A9F00A277DE /* Home.swift */; };
		D0AA26612B2F2AD800A277DE /* Menu.swift in Sources */ = {isa = PBXBuildFile; fileRef = D0AA26602B2F2AD800A277DE /* Menu.swift */; };
		D0AA26632B2F31AD00A277DE /* UserProfile.swift in Sources */ = {isa = PBXBuildFile; fileRef = D0AA26622B2F31AD00A277DE /* UserProfile.swift */; };
		D0E32F022B30F6E30079DBDC /* HeaderHeroView.swift in Sources */ = {isa = PBXBuildFile; fileRef = D0E32F012B30F6E30079DBDC /* HeaderHeroView.swift */; };
/* End PBXBuildFile section */

/* Begin PBXFileReference section */
		D07794092B309607006986E2 /* ExampleDatabase.xcdatamodel */ = {isa = PBXFileReference; lastKnownFileType = wrapper.xcdatamodel; path = ExampleDatabase.xcdatamodel; sourceTree = "<group>"; };
		D077940B2B309630006986E2 /* Persistence.swift */ = {isa = PBXFileReference; fileEncoding = 4; lastKnownFileType = sourcecode.swift; path = Persistence.swift; sourceTree = "<group>"; };
		D08A51502B2F3C3300CD31CF /* FetchedObjects.swift */ = {isa = PBXFileReference; fileEncoding = 4; lastKnownFileType = sourcecode.swift; path = FetchedObjects.swift; sourceTree = "<group>"; };
		D08A51542B2F3C8D00CD31CF /* MenuList.swift */ = {isa = PBXFileReference; lastKnownFileType = sourcecode.swift; path = MenuList.swift; sourceTree = "<group>"; };
		D08A51562B2F3C9B00CD31CF /* MenuItem.swift */ = {isa = PBXFileReference; lastKnownFileType = sourcecode.swift; path = MenuItem.swift; sourceTree = "<group>"; };
		D0AA26462B2F1DDC00A277DE /* Little Lemon.app */ = {isa = PBXFileReference; explicitFileType = wrapper.application; includeInIndex = 0; path = "Little Lemon.app"; sourceTree = BUILT_PRODUCTS_DIR; };
		D0AA26492B2F1DDC00A277DE /* Little_LemonApp.swift */ = {isa = PBXFileReference; lastKnownFileType = sourcecode.swift; path = Little_LemonApp.swift; sourceTree = "<group>"; };
		D0AA264B2B2F1DDC00A277DE /* ContentView.swift */ = {isa = PBXFileReference; lastKnownFileType = sourcecode.swift; path = ContentView.swift; sourceTree = "<group>"; };
		D0AA264D2B2F1DDE00A277DE /* Assets.xcassets */ = {isa = PBXFileReference; lastKnownFileType = folder.assetcatalog; path = Assets.xcassets; sourceTree = "<group>"; };
		D0AA26502B2F1DDE00A277DE /* Preview Assets.xcassets */ = {isa = PBXFileReference; lastKnownFileType = folder.assetcatalog; path = "Preview Assets.xcassets"; sourceTree = "<group>"; };
		D0AA265C2B2F252800A277DE /* Onboarding.swift */ = {isa = PBXFileReference; lastKnownFileType = sourcecode.swift; path = Onboarding.swift; sourceTree = "<group>"; };
		D0AA265E2B2F2A9F00A277DE /* Home.swift */ = {isa = PBXFileReference; lastKnownFileType = sourcecode.swift; path = Home.swift; sourceTree = "<group>"; };
		D0AA26602B2F2AD800A277DE /* Menu.swift */ = {isa = PBXFileReference; lastKnownFileType = sourcecode.swift; path = Menu.swift; sourceTree = "<group>"; };
		D0AA26622B2F31AD00A277DE /* UserProfile.swift */ = {isa = PBXFileReference; lastKnownFileType = sourcecode.swift; path = UserProfile.swift; sourceTree = "<group>"; };
		D0E32F012B30F6E30079DBDC /* HeaderHeroView.swift */ = {isa = PBXFileReference; fileEncoding = 4; lastKnownFileType = sourcecode.swift; path = HeaderHeroView.swift; sourceTree = "<group>"; };
/* End PBXFileReference section */

/* Begin PBXFrameworksBuildPhase section */
		D0AA26432B2F1DDC00A277DE /* Frameworks */ = {
			isa = PBXFrameworksBuildPhase;
			buildActionMask = 2147483647;
			files = (
			);
			runOnlyForDeploymentPostprocessing = 0;
		};
/* End PBXFrameworksBuildPhase section */

/* Begin PBXGroup section */
		D0AA263D2B2F1DDC00A277DE = {
			isa = PBXGroup;
			children = (
				D0AA26482B2F1DDC00A277DE /* Little Lemon */,
				D0AA26472B2F1DDC00A277DE /* Products */,
			);
			sourceTree = "<group>";
		};
		D0AA26472B2F1DDC00A277DE /* Products */ = {
			isa = PBXGroup;
			children = (
				D0AA26462B2F1DDC00A277DE /* Little Lemon.app */,
			);
			name = Products;
			sourceTree = "<group>";
		};
		D0AA26482B2F1DDC00A277DE /* Little Lemon */ = {
			isa = PBXGroup;
			children = (
				D0AA26492B2F1DDC00A277DE /* Little_LemonApp.swift */,
				D0E32F012B30F6E30079DBDC /* HeaderHeroView.swift */,
				D0AA264B2B2F1DDC00A277DE /* ContentView.swift */,
				D0AA265C2B2F252800A277DE /* Onboarding.swift */,
				D0AA26622B2F31AD00A277DE /* UserProfile.swift */,
				D0AA265E2B2F2A9F00A277DE /* Home.swift */,
				D0AA26602B2F2AD800A277DE /* Menu.swift */,
				D0AA264D2B2F1DDE00A277DE /* Assets.xcassets */,
				D07794082B309607006986E2 /* ExampleDatabase.xcdatamodeld */,
				D08A51542B2F3C8D00CD31CF /* MenuList.swift */,
				D08A51562B2F3C9B00CD31CF /* MenuItem.swift */,
				D08A51502B2F3C3300CD31CF /* FetchedObjects.swift */,
				D077940B2B309630006986E2 /* Persistence.swift */,
				D0AA264F2B2F1DDE00A277DE /* Preview Content */,
			);
			path = "Little Lemon";
			sourceTree = "<group>";
		};
		D0AA264F2B2F1DDE00A277DE /* Preview Content */ = {
			isa = PBXGroup;
			children = (
				D0AA26502B2F1DDE00A277DE /* Preview Assets.xcassets */,
			);
			path = "Preview Content";
			sourceTree = "<group>";
		};
/* End PBXGroup section */

/* Begin PBXNativeTarget section */
		D0AA26452B2F1DDC00A277DE /* Little Lemon */ = {
			isa = PBXNativeTarget;
			buildConfigurationList = D0AA26592B2F1DDE00A277DE /* Build configuration list for PBXNativeTarget "Little Lemon" */;
			buildPhases = (
				D0AA26422B2F1DDC00A277DE /* Sources */,
				D0AA26432B2F1DDC00A277DE /* Frameworks */,
				D0AA26442B2F1DDC00A277DE /* Resources */,
			);
			buildRules = (
			);
			dependencies = (
			);
			name = "Little Lemon";
			productName = "Little Lemon";
			productReference = D0AA26462B2F1DDC00A277DE /* Little Lemon.app */;
			productType = "com.apple.product-type.application";
		};
/* End PBXNativeTarget section */

/* Begin PBXProject section */
		D0AA263E2B2F1DDC00A277DE /* Project object */ = {
			isa = PBXProject;
			attributes = {
				BuildIndependentTargetsInParallel = 1;
				LastSwiftUpdateCheck = 1430;
				LastUpgradeCheck = 1430;
				TargetAttributes = {
					D0AA26452B2F1DDC00A277DE = {
						CreatedOnToolsVersion = 14.3.1;
					};
				};
			};
			buildConfigurationList = D0AA26412B2F1DDC00A277DE /* Build configuration list for PBXProject "Little Lemon" */;
			compatibilityVersion = "Xcode 14.0";
			developmentRegion = en;
			hasScannedForEncodings = 0;
			knownRegions = (
				en,
				Base,
			);
			mainGroup = D0AA263D2B2F1DDC00A277DE;
			productRefGroup = D0AA26472B2F1DDC00A277DE /* Products */;
			projectDirPath = "";
			projectRoot = "";
			targets = (
				D0AA26452B2F1DDC00A277DE /* Little Lemon */,
			);
		};
/* End PBXProject section */

/* Begin PBXResourcesBuildPhase section */
		D0AA26442B2F1DDC00A277DE /* Resources */ = {
			isa = PBXResourcesBuildPhase;
			buildActionMask = 2147483647;
			files = (
				D0AA26512B2F1DDE00A277DE /* Preview Assets.xcassets in Resources */,
				D0AA264E2B2F1DDE00A277DE /* Assets.xcassets in Resources */,
			);
			runOnlyForDeploymentPostprocessing = 0;
		};
/* End PBXResourcesBuildPhase section */

/* Begin PBXSourcesBuildPhase section */
		D0AA26422B2F1DDC00A277DE /* Sources */ = {
			isa = PBXSourcesBuildPhase;
			buildActionMask = 2147483647;
			files = (
				D0AA26612B2F2AD800A277DE /* Menu.swift in Sources */,
				D0AA265D2B2F252800A277DE /* Onboarding.swift in Sources */,
				D0AA26632B2F31AD00A277DE /* UserProfile.swift in Sources */,
				D0AA264C2B2F1DDC00A277DE /* ContentView.swift in Sources */,
				D0AA265F2B2F2A9F00A277DE /* Home.swift in Sources */,
				D0E32F022B30F6E30079DBDC /* HeaderHeroView.swift in Sources */,
				D0AA264A2B2F1DDC00A277DE /* Little_LemonApp.swift in Sources */,
				D08A51572B2F3C9B00CD31CF /* MenuItem.swift in Sources */,
				D077940A2B309607006986E2 /* ExampleDatabase.xcdatamodeld in Sources */,
				D077940C2B309630006986E2 /* Persistence.swift in Sources */,
				D08A51552B2F3C8D00CD31CF /* MenuList.swift in Sources */,
				D08A51512B2F3C3300CD31CF /* FetchedObjects.swift in Sources */,
			);
			runOnlyForDeploymentPostprocessing = 0;
		};
/* End PBXSourcesBuildPhase section */

/* Begin XCBuildConfiguration section */
		D0AA26572B2F1DDE00A277DE /* Debug */ = {
			isa = XCBuildConfiguration;
			buildSettings = {
				ALWAYS_SEARCH_USER_PATHS = NO;
				CLANG_ANALYZER_NONNULL = YES;
				CLANG_ANALYZER_NUMBER_OBJECT_CONVERSION = YES_AGGRESSIVE;
				CLANG_CXX_LANGUAGE_STANDARD = "gnu++20";
				CLANG_ENABLE_MODULES = YES;
				CLANG_ENABLE_OBJC_ARC = YES;
				CLANG_ENABLE_OBJC_WEAK = YES;
				CLANG_WARN_BLOCK_CAPTURE_AUTORELEASING = YES;
				CLANG_WARN_BOOL_CONVERSION = YES;
				CLANG_WARN_COMMA = YES;
				CLANG_WARN_CONSTANT_CONVERSION = YES;
				CLANG_WARN_DEPRECATED_OBJC_IMPLEMENTATIONS = YES;
				CLANG_WARN_DIRECT_OBJC_ISA_USAGE = YES_ERROR;
				CLANG_WARN_DOCUMENTATION_COMMENTS = YES;
				CLANG_WARN_EMPTY_BODY = YES;
				CLANG_WARN_ENUM_CONVERSION = YES;
				CLANG_WARN_INFINITE_RECURSION = YES;
				CLANG_WARN_INT_CONVERSION = YES;
				CLANG_WARN_NON_LITERAL_NULL_CONVERSION = YES;
				CLANG_WARN_OBJC_IMPLICIT_RETAIN_SELF = YES;
				CLANG_WARN_OBJC_LITERAL_CONVERSION = YES;
				CLANG_WARN_OBJC_ROOT_CLASS = YES_ERROR;
				CLANG_WARN_QUOTED_INCLUDE_IN_FRAMEWORK_HEADER = YES;
				CLANG_WARN_RANGE_LOOP_ANALYSIS = YES;
				CLANG_WARN_STRICT_PROTOTYPES = YES;
				CLANG_WARN_SUSPICIOUS_MOVE = YES;
				CLANG_WARN_UNGUARDED_AVAILABILITY = YES_AGGRESSIVE;
				CLANG_WARN_UNREACHABLE_CODE = YES;
				CLANG_WARN__DUPLICATE_METHOD_MATCH = YES;
				COPY_PHASE_STRIP = NO;
				DEBUG_INFORMATION_FORMAT = dwarf;
				ENABLE_STRICT_OBJC_MSGSEND = YES;
				ENABLE_TESTABILITY = YES;
				GCC_C_LANGUAGE_STANDARD = gnu11;
				GCC_DYNAMIC_NO_PIC = NO;
				GCC_NO_COMMON_BLOCKS = YES;
				GCC_OPTIMIZATION_LEVEL = 0;
				GCC_PREPROCESSOR_DEFINITIONS = (
					"DEBUG=1",
					"$(inherited)",
				);
				GCC_WARN_64_TO_32_BIT_CONVERSION = YES;
				GCC_WARN_ABOUT_RETURN_TYPE = YES_ERROR;
				GCC_WARN_UNDECLARED_SELECTOR = YES;
				GCC_WARN_UNINITIALIZED_AUTOS = YES_AGGRESSIVE;
				GCC_WARN_UNUSED_FUNCTION = YES;
				GCC_WARN_UNUSED_VARIABLE = YES;
				IPHONEOS_DEPLOYMENT_TARGET = 16.4;
				MTL_ENABLE_DEBUG_INFO = INCLUDE_SOURCE;
				MTL_FAST_MATH = YES;
				ONLY_ACTIVE_ARCH = YES;
				SDKROOT = iphoneos;
				SWIFT_ACTIVE_COMPILATION_CONDITIONS = DEBUG;
				SWIFT_OPTIMIZATION_LEVEL = "-Onone";
			};
			name = Debug;
		};
		D0AA26582B2F1DDE00A277DE /* Release */ = {
			isa = XCBuildConfiguration;
			buildSettings = {
				ALWAYS_SEARCH_USER_PATHS = NO;
				CLANG_ANALYZER_NONNULL = YES;
				CLANG_ANALYZER_NUMBER_OBJECT_CONVERSION = YES_AGGRESSIVE;
				CLANG_CXX_LANGUAGE_STANDARD = "gnu++20";
				CLANG_ENABLE_MODULES = YES;
				CLANG_ENABLE_OBJC_ARC = YES;
				CLANG_ENABLE_OBJC_WEAK = YES;
				CLANG_WARN_BLOCK_CAPTURE_AUTORELEASING = YES;
				CLANG_WARN_BOOL_CONVERSION = YES;
				CLANG_WARN_COMMA = YES;
				CLANG_WARN_CONSTANT_CONVERSION = YES;
				CLANG_WARN_DEPRECATED_OBJC_IMPLEMENTATIONS = YES;
				CLANG_WARN_DIRECT_OBJC_ISA_USAGE = YES_ERROR;
				CLANG_WARN_DOCUMENTATION_COMMENTS = YES;
				CLANG_WARN_EMPTY_BODY = YES;
				CLANG_WARN_ENUM_CONVERSION = YES;
				CLANG_WARN_INFINITE_RECURSION = YES;
				CLANG_WARN_INT_CONVERSION = YES;
				CLANG_WARN_NON_LITERAL_NULL_CONVERSION = YES;
				CLANG_WARN_OBJC_IMPLICIT_RETAIN_SELF = YES;
				CLANG_WARN_OBJC_LITERAL_CONVERSION = YES;
				CLANG_WARN_OBJC_ROOT_CLASS = YES_ERROR;
				CLANG_WARN_QUOTED_INCLUDE_IN_FRAMEWORK_HEADER = YES;
				CLANG_WARN_RANGE_LOOP_ANALYSIS = YES;
				CLANG_WARN_STRICT_PROTOTYPES = YES;
				CLANG_WARN_SUSPICIOUS_MOVE = YES;
				CLANG_WARN_UNGUARDED_AVAILABILITY = YES_AGGRESSIVE;
				CLANG_WARN_UNREACHABLE_CODE = YES;
				CLANG_WARN__DUPLICATE_METHOD_MATCH = YES;
				COPY_PHASE_STRIP = NO;
				DEBUG_INFORMATION_FORMAT = "dwarf-with-dsym";
				ENABLE_NS_ASSERTIONS = NO;
				ENABLE_STRICT_OBJC_MSGSEND = YES;
				GCC_C_LANGUAGE_STANDARD = gnu11;
				GCC_NO_COMMON_BLOCKS = YES;
				GCC_WARN_64_TO_32_BIT_CONVERSION = YES;
				GCC_WARN_ABOUT_RETURN_TYPE = YES_ERROR;
				GCC_WARN_UNDECLARED_SELECTOR = YES;
				GCC_WARN_UNINITIALIZED_AUTOS = YES_AGGRESSIVE;
				GCC_WARN_UNUSED_FUNCTION = YES;
				GCC_WARN_UNUSED_VARIABLE = YES;
				IPHONEOS_DEPLOYMENT_TARGET = 16.4;
				MTL_ENABLE_DEBUG_INFO = NO;
				MTL_FAST_MATH = YES;
				SDKROOT = iphoneos;
				SWIFT_COMPILATION_MODE = wholemodule;
				SWIFT_OPTIMIZATION_LEVEL = "-O";
				VALIDATE_PRODUCT = YES;
			};
			name = Release;
		};
		D0AA265A2B2F1DDE00A277DE /* Debug */ = {
			isa = XCBuildConfiguration;
			buildSettings = {
				ASSETCATALOG_COMPILER_APPICON_NAME = AppIcon;
				ASSETCATALOG_COMPILER_GLOBAL_ACCENT_COLOR_NAME = AccentColor;
				CODE_SIGN_STYLE = Automatic;
				CURRENT_PROJECT_VERSION = 1;
				DEVELOPMENT_ASSET_PATHS = "\"Little Lemon/Preview Content\"";
				DEVELOPMENT_TEAM = 3KW2Y3D25T;
				ENABLE_PREVIEWS = YES;
				GENERATE_INFOPLIST_FILE = YES;
				INFOPLIST_KEY_UIApplicationSceneManifest_Generation = YES;
				INFOPLIST_KEY_UIApplicationSupportsIndirectInputEvents = YES;
				INFOPLIST_KEY_UILaunchScreen_Generation = YES;
				INFOPLIST_KEY_UISupportedInterfaceOrientations_iPad = "UIInterfaceOrientationPortrait UIInterfaceOrientationPortraitUpsideDown UIInterfaceOrientationLandscapeLeft UIInterfaceOrientationLandscapeRight";
				INFOPLIST_KEY_UISupportedInterfaceOrientations_iPhone = "UIInterfaceOrientationPortrait UIInterfaceOrientationLandscapeLeft UIInterfaceOrientationLandscapeRight";
				LD_RUNPATH_SEARCH_PATHS = (
					"$(inherited)",
					"@executable_path/Frameworks",
				);
				MARKETING_VERSION = 1.0;
				PRODUCT_BUNDLE_IDENTIFIER = "sylviareiss.Little-Lemon";
				PRODUCT_NAME = "$(TARGET_NAME)";
				SWIFT_EMIT_LOC_STRINGS = YES;
				SWIFT_VERSION = 5.0;
				TARGETED_DEVICE_FAMILY = "1,2";
			};
			name = Debug;
		};
		D0AA265B2B2F1DDE00A277DE /* Release */ = {
			isa = XCBuildConfiguration;
			buildSettings = {
				ASSETCATALOG_COMPILER_APPICON_NAME = AppIcon;
				ASSETCATALOG_COMPILER_GLOBAL_ACCENT_COLOR_NAME = AccentColor;
				CODE_SIGN_STYLE = Automatic;
				CURRENT_PROJECT_VERSION = 1;
				DEVELOPMENT_ASSET_PATHS = "\"Little Lemon/Preview Content\"";
				DEVELOPMENT_TEAM = 3KW2Y3D25T;
				ENABLE_PREVIEWS = YES;
				GENERATE_INFOPLIST_FILE = YES;
				INFOPLIST_KEY_UIApplicationSceneManifest_Generation = YES;
				INFOPLIST_KEY_UIApplicationSupportsIndirectInputEvents = YES;
				INFOPLIST_KEY_UILaunchScreen_Generation = YES;
				INFOPLIST_KEY_UISupportedInterfaceOrientations_iPad = "UIInterfaceOrientationPortrait UIInterfaceOrientationPortraitUpsideDown UIInterfaceOrientationLandscapeLeft UIInterfaceOrientationLandscapeRight";
				INFOPLIST_KEY_UISupportedInterfaceOrientations_iPhone = "UIInterfaceOrientationPortrait UIInterfaceOrientationLandscapeLeft UIInterfaceOrientationLandscapeRight";
				LD_RUNPATH_SEARCH_PATHS = (
					"$(inherited)",
					"@executable_path/Frameworks",
				);
				MARKETING_VERSION = 1.0;
				PRODUCT_BUNDLE_IDENTIFIER = "sylviareiss.Little-Lemon";
				PRODUCT_NAME = "$(TARGET_NAME)";
				SWIFT_EMIT_LOC_STRINGS = YES;
				SWIFT_VERSION = 5.0;
				TARGETED_DEVICE_FAMILY = "1,2";
			};
			name = Release;
		};
/* End XCBuildConfiguration section */

/* Begin XCConfigurationList section */
		D0AA26412B2F1DDC00A277DE /* Build configuration list for PBXProject "Little Lemon" */ = {
			isa = XCConfigurationList;
			buildConfigurations = (
				D0AA26572B2F1DDE00A277DE /* Debug */,
				D0AA26582B2F1DDE00A277DE /* Release */,
			);
			defaultConfigurationIsVisible = 0;
			defaultConfigurationName = Release;
		};
		D0AA26592B2F1DDE00A277DE /* Build configuration list for PBXNativeTarget "Little Lemon" */ = {
			isa = XCConfigurationList;
			buildConfigurations = (
				D0AA265A2B2F1DDE00A277DE /* Debug */,
				D0AA265B2B2F1DDE00A277DE /* Release */,
			);
			defaultConfigurationIsVisible = 0;
			defaultConfigurationName = Release;
		};
/* End XCConfigurationList section */

/* Begin XCVersionGroup section */
		D07794082B309607006986E2 /* ExampleDatabase.xcdatamodeld */ = {
			isa = XCVersionGroup;
			children = (
				D07794092B309607006986E2 /* ExampleDatabase.xcdatamodel */,
			);
			currentVersion = D07794092B309607006986E2 /* ExampleDatabase.xcdatamodel */;
			path = ExampleDatabase.xcdatamodeld;
			sourceTree = "<group>";
			versionGroupType = wrapper.xcdatamodel;
		};
/* End XCVersionGroup section */
	};
	rootObject = D0AA263E2B2F1DDC00A277DE /* Project object */;
}
